// !$*UTF8*$!
{
	archiveVersion = 1;
	classes = {
	};
	objectVersion = 50;
	objects = {

/* Begin PBXBuildFile section */
		BA8A7E362464575E00A53608 /* AppDelegate.swift in Sources */ = {isa = PBXBuildFile; fileRef = BA8A7E352464575E00A53608 /* AppDelegate.swift */; };
		BA8A7E382464575E00A53608 /* SceneDelegate.swift in Sources */ = {isa = PBXBuildFile; fileRef = BA8A7E372464575E00A53608 /* SceneDelegate.swift */; };
		BA8A7E3D2464575E00A53608 /* Main.storyboard in Resources */ = {isa = PBXBuildFile; fileRef = BA8A7E3B2464575E00A53608 /* Main.storyboard */; };
		BA8A7E3F2464576000A53608 /* Assets.xcassets in Resources */ = {isa = PBXBuildFile; fileRef = BA8A7E3E2464576000A53608 /* Assets.xcassets */; };
		BA8A7E422464576000A53608 /* LaunchScreen.storyboard in Resources */ = {isa = PBXBuildFile; fileRef = BA8A7E402464576000A53608 /* LaunchScreen.storyboard */; };
		BA8A7E4D2464576000A53608 /* Trivia_GameTests.swift in Sources */ = {isa = PBXBuildFile; fileRef = BA8A7E4C2464576000A53608 /* Trivia_GameTests.swift */; };
		BA8A7E582464576000A53608 /* Trivia_GameUITests.swift in Sources */ = {isa = PBXBuildFile; fileRef = BA8A7E572464576000A53608 /* Trivia_GameUITests.swift */; };
		BA8A7E66246457E600A53608 /* OpeningButtons.swift in Sources */ = {isa = PBXBuildFile; fileRef = BA8A7E65246457E600A53608 /* OpeningButtons.swift */; };
/* End PBXBuildFile section */

/* Begin PBXContainerItemProxy section */
		BA8A7E492464576000A53608 /* PBXContainerItemProxy */ = {
			isa = PBXContainerItemProxy;
			containerPortal = BA8A7E2A2464575E00A53608 /* Project object */;
			proxyType = 1;
			remoteGlobalIDString = BA8A7E312464575E00A53608;
			remoteInfo = "Trivia Game";
		};
		BA8A7E542464576000A53608 /* PBXContainerItemProxy */ = {
			isa = PBXContainerItemProxy;
			containerPortal = BA8A7E2A2464575E00A53608 /* Project object */;
			proxyType = 1;
			remoteGlobalIDString = BA8A7E312464575E00A53608;
			remoteInfo = "Trivia Game";
		};
/* End PBXContainerItemProxy section */

/* Begin PBXFileReference section */
		BA8A7E322464575E00A53608 /* Trivia Game.app */ = {isa = PBXFileReference; explicitFileType = wrapper.application; includeInIndex = 0; path = "Trivia Game.app"; sourceTree = BUILT_PRODUCTS_DIR; };
		BA8A7E352464575E00A53608 /* AppDelegate.swift */ = {isa = PBXFileReference; lastKnownFileType = sourcecode.swift; path = AppDelegate.swift; sourceTree = "<group>"; };
		BA8A7E372464575E00A53608 /* SceneDelegate.swift */ = {isa = PBXFileReference; lastKnownFileType = sourcecode.swift; path = SceneDelegate.swift; sourceTree = "<group>"; };
		BA8A7E3C2464575E00A53608 /* Base */ = {isa = PBXFileReference; lastKnownFileType = file.storyboard; name = Base; path = Base.lproj/Main.storyboard; sourceTree = "<group>"; };
		BA8A7E3E2464576000A53608 /* Assets.xcassets */ = {isa = PBXFileReference; lastKnownFileType = folder.assetcatalog; path = Assets.xcassets; sourceTree = "<group>"; };
		BA8A7E412464576000A53608 /* Base */ = {isa = PBXFileReference; lastKnownFileType = file.storyboard; name = Base; path = Base.lproj/LaunchScreen.storyboard; sourceTree = "<group>"; };
		BA8A7E432464576000A53608 /* Info.plist */ = {isa = PBXFileReference; lastKnownFileType = text.plist.xml; path = Info.plist; sourceTree = "<group>"; };
		BA8A7E482464576000A53608 /* Trivia GameTests.xctest */ = {isa = PBXFileReference; explicitFileType = wrapper.cfbundle; includeInIndex = 0; path = "Trivia GameTests.xctest"; sourceTree = BUILT_PRODUCTS_DIR; };
		BA8A7E4C2464576000A53608 /* Trivia_GameTests.swift */ = {isa = PBXFileReference; lastKnownFileType = sourcecode.swift; path = Trivia_GameTests.swift; sourceTree = "<group>"; };
		BA8A7E4E2464576000A53608 /* Info.plist */ = {isa = PBXFileReference; lastKnownFileType = text.plist.xml; path = Info.plist; sourceTree = "<group>"; };
		BA8A7E532464576000A53608 /* Trivia GameUITests.xctest */ = {isa = PBXFileReference; explicitFileType = wrapper.cfbundle; includeInIndex = 0; path = "Trivia GameUITests.xctest"; sourceTree = BUILT_PRODUCTS_DIR; };
		BA8A7E572464576000A53608 /* Trivia_GameUITests.swift */ = {isa = PBXFileReference; lastKnownFileType = sourcecode.swift; path = Trivia_GameUITests.swift; sourceTree = "<group>"; };
		BA8A7E592464576000A53608 /* Info.plist */ = {isa = PBXFileReference; lastKnownFileType = text.plist.xml; path = Info.plist; sourceTree = "<group>"; };
		BA8A7E65246457E600A53608 /* OpeningButtons.swift */ = {isa = PBXFileReference; lastKnownFileType = sourcecode.swift; path = OpeningButtons.swift; sourceTree = "<group>"; };
/* End PBXFileReference section */

/* Begin PBXFrameworksBuildPhase section */
		BA8A7E2F2464575E00A53608 /* Frameworks */ = {
			isa = PBXFrameworksBuildPhase;
			buildActionMask = 2147483647;
			files = (
			);
			runOnlyForDeploymentPostprocessing = 0;
		};
		BA8A7E452464576000A53608 /* Frameworks */ = {
			isa = PBXFrameworksBuildPhase;
			buildActionMask = 2147483647;
			files = (
			);
			runOnlyForDeploymentPostprocessing = 0;
		};
		BA8A7E502464576000A53608 /* Frameworks */ = {
			isa = PBXFrameworksBuildPhase;
			buildActionMask = 2147483647;
			files = (
			);
			runOnlyForDeploymentPostprocessing = 0;
		};
/* End PBXFrameworksBuildPhase section */

/* Begin PBXGroup section */
		BA8A7E292464575E00A53608 = {
			isa = PBXGroup;
			children = (
				BA8A7E342464575E00A53608 /* Trivia Game */,
				BA8A7E4B2464576000A53608 /* Trivia GameTests */,
				BA8A7E562464576000A53608 /* Trivia GameUITests */,
				BA8A7E332464575E00A53608 /* Products */,
			);
			sourceTree = "<group>";
		};
		BA8A7E332464575E00A53608 /* Products */ = {
			isa = PBXGroup;
			children = (
				BA8A7E322464575E00A53608 /* Trivia Game.app */,
				BA8A7E482464576000A53608 /* Trivia GameTests.xctest */,
				BA8A7E532464576000A53608 /* Trivia GameUITests.xctest */,
			);
			name = Products;
			sourceTree = "<group>";
		};
		BA8A7E342464575E00A53608 /* Trivia Game */ = {
			isa = PBXGroup;
			children = (
				BA8A7E352464575E00A53608 /* AppDelegate.swift */,
				BA8A7E372464575E00A53608 /* SceneDelegate.swift */,
				BA8A7E65246457E600A53608 /* OpeningButtons.swift */,
				BA8A7E3B2464575E00A53608 /* Main.storyboard */,
				BA8A7E3E2464576000A53608 /* Assets.xcassets */,
				BA8A7E402464576000A53608 /* LaunchScreen.storyboard */,
				BA8A7E432464576000A53608 /* Info.plist */,
			);
			path = "Trivia Game";
			sourceTree = "<group>";
		};
		BA8A7E4B2464576000A53608 /* Trivia GameTests */ = {
			isa = PBXGroup;
			children = (
				BA8A7E4C2464576000A53608 /* Trivia_GameTests.swift */,
				BA8A7E4E2464576000A53608 /* Info.plist */,
			);
			path = "Trivia GameTests";
			sourceTree = "<group>";
		};
		BA8A7E562464576000A53608 /* Trivia GameUITests */ = {
			isa = PBXGroup;
			children = (
				BA8A7E572464576000A53608 /* Trivia_GameUITests.swift */,
				BA8A7E592464576000A53608 /* Info.plist */,
			);
			path = "Trivia GameUITests";
			sourceTree = "<group>";
		};
/* End PBXGroup section */

/* Begin PBXNativeTarget section */
		BA8A7E312464575E00A53608 /* Trivia Game */ = {
			isa = PBXNativeTarget;
			buildConfigurationList = BA8A7E5C2464576000A53608 /* Build configuration list for PBXNativeTarget "Trivia Game" */;
			buildPhases = (
				BA8A7E2E2464575E00A53608 /* Sources */,
				BA8A7E2F2464575E00A53608 /* Frameworks */,
				BA8A7E302464575E00A53608 /* Resources */,
			);
			buildRules = (
			);
			dependencies = (
			);
			name = "Trivia Game";
			productName = "Trivia Game";
			productReference = BA8A7E322464575E00A53608 /* Trivia Game.app */;
			productType = "com.apple.product-type.application";
		};
		BA8A7E472464576000A53608 /* Trivia GameTests */ = {
			isa = PBXNativeTarget;
			buildConfigurationList = BA8A7E5F2464576000A53608 /* Build configuration list for PBXNativeTarget "Trivia GameTests" */;
			buildPhases = (
				BA8A7E442464576000A53608 /* Sources */,
				BA8A7E452464576000A53608 /* Frameworks */,
				BA8A7E462464576000A53608 /* Resources */,
			);
			buildRules = (
			);
			dependencies = (
				BA8A7E4A2464576000A53608 /* PBXTargetDependency */,
			);
			name = "Trivia GameTests";
			productName = "Trivia GameTests";
			productReference = BA8A7E482464576000A53608 /* Trivia GameTests.xctest */;
			productType = "com.apple.product-type.bundle.unit-test";
		};
		BA8A7E522464576000A53608 /* Trivia GameUITests */ = {
			isa = PBXNativeTarget;
			buildConfigurationList = BA8A7E622464576000A53608 /* Build configuration list for PBXNativeTarget "Trivia GameUITests" */;
			buildPhases = (
				BA8A7E4F2464576000A53608 /* Sources */,
				BA8A7E502464576000A53608 /* Frameworks */,
				BA8A7E512464576000A53608 /* Resources */,
			);
			buildRules = (
			);
			dependencies = (
				BA8A7E552464576000A53608 /* PBXTargetDependency */,
			);
			name = "Trivia GameUITests";
			productName = "Trivia GameUITests";
			productReference = BA8A7E532464576000A53608 /* Trivia GameUITests.xctest */;
			productType = "com.apple.product-type.bundle.ui-testing";
		};
/* End PBXNativeTarget section */

/* Begin PBXProject section */
		BA8A7E2A2464575E00A53608 /* Project object */ = {
			isa = PBXProject;
			attributes = {
				LastSwiftUpdateCheck = 1140;
				LastUpgradeCheck = 1140;
				ORGANIZATIONNAME = "Jenny Lin";
				TargetAttributes = {
					BA8A7E312464575E00A53608 = {
						CreatedOnToolsVersion = 11.4.1;
					};
					BA8A7E472464576000A53608 = {
						CreatedOnToolsVersion = 11.4.1;
						TestTargetID = BA8A7E312464575E00A53608;
					};
					BA8A7E522464576000A53608 = {
						CreatedOnToolsVersion = 11.4.1;
						TestTargetID = BA8A7E312464575E00A53608;
					};
				};
			};
			buildConfigurationList = BA8A7E2D2464575E00A53608 /* Build configuration list for PBXProject "Trivia Game" */;
			compatibilityVersion = "Xcode 9.3";
			developmentRegion = en;
			hasScannedForEncodings = 0;
			knownRegions = (
				en,
				Base,
			);
			mainGroup = BA8A7E292464575E00A53608;
			productRefGroup = BA8A7E332464575E00A53608 /* Products */;
			projectDirPath = "";
			projectRoot = "";
			targets = (
				BA8A7E312464575E00A53608 /* Trivia Game */,
				BA8A7E472464576000A53608 /* Trivia GameTests */,
				BA8A7E522464576000A53608 /* Trivia GameUITests */,
			);
		};
/* End PBXProject section */

/* Begin PBXResourcesBuildPhase section */
		BA8A7E302464575E00A53608 /* Resources */ = {
			isa = PBXResourcesBuildPhase;
			buildActionMask = 2147483647;
			files = (
				BA8A7E422464576000A53608 /* LaunchScreen.storyboard in Resources */,
				BA8A7E3F2464576000A53608 /* Assets.xcassets in Resources */,
				BA8A7E3D2464575E00A53608 /* Main.storyboard in Resources */,
			);
			runOnlyForDeploymentPostprocessing = 0;
		};
		BA8A7E462464576000A53608 /* Resources */ = {
			isa = PBXResourcesBuildPhase;
			buildActionMask = 2147483647;
			files = (
			);
			runOnlyForDeploymentPostprocessing = 0;
		};
		BA8A7E512464576000A53608 /* Resources */ = {
			isa = PBXResourcesBuildPhase;
			buildActionMask = 2147483647;
			files = (
			);
			runOnlyForDeploymentPostprocessing = 0;
		};
/* End PBXResourcesBuildPhase section */

/* Begin PBXSourcesBuildPhase section */
		BA8A7E2E2464575E00A53608 /* Sources */ = {
			isa = PBXSourcesBuildPhase;
			buildActionMask = 2147483647;
			files = (
				BA8A7E362464575E00A53608 /* AppDelegate.swift in Sources */,
				BA8A7E66246457E600A53608 /* OpeningButtons.swift in Sources */,
				BA8A7E382464575E00A53608 /* SceneDelegate.swift in Sources */,
			);
			runOnlyForDeploymentPostprocessing = 0;
		};
		BA8A7E442464576000A53608 /* Sources */ = {
			isa = PBXSourcesBuildPhase;
			buildActionMask = 2147483647;
			files = (
				BA8A7E4D2464576000A53608 /* Trivia_GameTests.swift in Sources */,
			);
			runOnlyForDeploymentPostprocessing = 0;
		};
		BA8A7E4F2464576000A53608 /* Sources */ = {
			isa = PBXSourcesBuildPhase;
			buildActionMask = 2147483647;
			files = (
				BA8A7E582464576000A53608 /* Trivia_GameUITests.swift in Sources */,
			);
			runOnlyForDeploymentPostprocessing = 0;
		};
/* End PBXSourcesBuildPhase section */

/* Begin PBXTargetDependency section */
		BA8A7E4A2464576000A53608 /* PBXTargetDependency */ = {
			isa = PBXTargetDependency;
			target = BA8A7E312464575E00A53608 /* Trivia Game */;
			targetProxy = BA8A7E492464576000A53608 /* PBXContainerItemProxy */;
		};
		BA8A7E552464576000A53608 /* PBXTargetDependency */ = {
			isa = PBXTargetDependency;
			target = BA8A7E312464575E00A53608 /* Trivia Game */;
			targetProxy = BA8A7E542464576000A53608 /* PBXContainerItemProxy */;
		};
/* End PBXTargetDependency section */

/* Begin PBXVariantGroup section */
		BA8A7E3B2464575E00A53608 /* Main.storyboard */ = {
			isa = PBXVariantGroup;
			children = (
				BA8A7E3C2464575E00A53608 /* Base */,
			);
			name = Main.storyboard;
			sourceTree = "<group>";
		};
		BA8A7E402464576000A53608 /* LaunchScreen.storyboard */ = {
			isa = PBXVariantGroup;
			children = (
				BA8A7E412464576000A53608 /* Base */,
			);
			name = LaunchScreen.storyboard;
			sourceTree = "<group>";
		};
/* End PBXVariantGroup section */

/* Begin XCBuildConfiguration section */
		BA8A7E5A2464576000A53608 /* Debug */ = {
			isa = XCBuildConfiguration;
			buildSettings = {
				ALWAYS_SEARCH_USER_PATHS = NO;
				CLANG_ANALYZER_NONNULL = YES;
				CLANG_ANALYZER_NUMBER_OBJECT_CONVERSION = YES_AGGRESSIVE;
				CLANG_CXX_LANGUAGE_STANDARD = "gnu++14";
				CLANG_CXX_LIBRARY = "libc++";
				CLANG_ENABLE_MODULES = YES;
				CLANG_ENABLE_OBJC_ARC = YES;
				CLANG_ENABLE_OBJC_WEAK = YES;
				CLANG_WARN_BLOCK_CAPTURE_AUTORELEASING = YES;
				CLANG_WARN_BOOL_CONVERSION = YES;
				CLANG_WARN_COMMA = YES;
				CLANG_WARN_CONSTANT_CONVERSION = YES;
				CLANG_WARN_DEPRECATED_OBJC_IMPLEMENTATIONS = YES;
				CLANG_WARN_DIRECT_OBJC_ISA_USAGE = YES_ERROR;
				CLANG_WARN_DOCUMENTATION_COMMENTS = YES;
				CLANG_WARN_EMPTY_BODY = YES;
				CLANG_WARN_ENUM_CONVERSION = YES;
				CLANG_WARN_INFINITE_RECURSION = YES;
				CLANG_WARN_INT_CONVERSION = YES;
				CLANG_WARN_NON_LITERAL_NULL_CONVERSION = YES;
				CLANG_WARN_OBJC_IMPLICIT_RETAIN_SELF = YES;
				CLANG_WARN_OBJC_LITERAL_CONVERSION = YES;
				CLANG_WARN_OBJC_ROOT_CLASS = YES_ERROR;
				CLANG_WARN_RANGE_LOOP_ANALYSIS = YES;
				CLANG_WARN_STRICT_PROTOTYPES = YES;
				CLANG_WARN_SUSPICIOUS_MOVE = YES;
				CLANG_WARN_UNGUARDED_AVAILABILITY = YES_AGGRESSIVE;
				CLANG_WARN_UNREACHABLE_CODE = YES;
				CLANG_WARN__DUPLICATE_METHOD_MATCH = YES;
				COPY_PHASE_STRIP = NO;
				DEBUG_INFORMATION_FORMAT = dwarf;
				ENABLE_STRICT_OBJC_MSGSEND = YES;
				ENABLE_TESTABILITY = YES;
				GCC_C_LANGUAGE_STANDARD = gnu11;
				GCC_DYNAMIC_NO_PIC = NO;
				GCC_NO_COMMON_BLOCKS = YES;
				GCC_OPTIMIZATION_LEVEL = 0;
				GCC_PREPROCESSOR_DEFINITIONS = (
					"DEBUG=1",
					"$(inherited)",
				);
				GCC_WARN_64_TO_32_BIT_CONVERSION = YES;
				GCC_WARN_ABOUT_RETURN_TYPE = YES_ERROR;
				GCC_WARN_UNDECLARED_SELECTOR = YES;
				GCC_WARN_UNINITIALIZED_AUTOS = YES_AGGRESSIVE;
				GCC_WARN_UNUSED_FUNCTION = YES;
				GCC_WARN_UNUSED_VARIABLE = YES;
				IPHONEOS_DEPLOYMENT_TARGET = 13.4;
				MTL_ENABLE_DEBUG_INFO = INCLUDE_SOURCE;
				MTL_FAST_MATH = YES;
				ONLY_ACTIVE_ARCH = YES;
				SDKROOT = iphoneos;
				SWIFT_ACTIVE_COMPILATION_CONDITIONS = DEBUG;
				SWIFT_OPTIMIZATION_LEVEL = "-Onone";
			};
			name = Debug;
		};
		BA8A7E5B2464576000A53608 /* Release */ = {
			isa = XCBuildConfiguration;
			buildSettings = {
				ALWAYS_SEARCH_USER_PATHS = NO;
				CLANG_ANALYZER_NONNULL = YES;
				CLANG_ANALYZER_NUMBER_OBJECT_CONVERSION = YES_AGGRESSIVE;
				CLANG_CXX_LANGUAGE_STANDARD = "gnu++14";
				CLANG_CXX_LIBRARY = "libc++";
				CLANG_ENABLE_MODULES = YES;
				CLANG_ENABLE_OBJC_ARC = YES;
				CLANG_ENABLE_OBJC_WEAK = YES;
				CLANG_WARN_BLOCK_CAPTURE_AUTORELEASING = YES;
				CLANG_WARN_BOOL_CONVERSION = YES;
				CLANG_WARN_COMMA = YES;
				CLANG_WARN_CONSTANT_CONVERSION = YES;
				CLANG_WARN_DEPRECATED_OBJC_IMPLEMENTATIONS = YES;
				CLANG_WARN_DIRECT_OBJC_ISA_USAGE = YES_ERROR;
				CLANG_WARN_DOCUMENTATION_COMMENTS = YES;
				CLANG_WARN_EMPTY_BODY = YES;
				CLANG_WARN_ENUM_CONVERSION = YES;
				CLANG_WARN_INFINITE_RECURSION = YES;
				CLANG_WARN_INT_CONVERSION = YES;
				CLANG_WARN_NON_LITERAL_NULL_CONVERSION = YES;
				CLANG_WARN_OBJC_IMPLICIT_RETAIN_SELF = YES;
				CLANG_WARN_OBJC_LITERAL_CONVERSION = YES;
				CLANG_WARN_OBJC_ROOT_CLASS = YES_ERROR;
				CLANG_WARN_RANGE_LOOP_ANALYSIS = YES;
				CLANG_WARN_STRICT_PROTOTYPES = YES;
				CLANG_WARN_SUSPICIOUS_MOVE = YES;
				CLANG_WARN_UNGUARDED_AVAILABILITY = YES_AGGRESSIVE;
				CLANG_WARN_UNREACHABLE_CODE = YES;
				CLANG_WARN__DUPLICATE_METHOD_MATCH = YES;
				COPY_PHASE_STRIP = NO;
				DEBUG_INFORMATION_FORMAT = "dwarf-with-dsym";
				ENABLE_NS_ASSERTIONS = NO;
				ENABLE_STRICT_OBJC_MSGSEND = YES;
				GCC_C_LANGUAGE_STANDARD = gnu11;
				GCC_NO_COMMON_BLOCKS = YES;
				GCC_WARN_64_TO_32_BIT_CONVERSION = YES;
				GCC_WARN_ABOUT_RETURN_TYPE = YES_ERROR;
				GCC_WARN_UNDECLARED_SELECTOR = YES;
				GCC_WARN_UNINITIALIZED_AUTOS = YES_AGGRESSIVE;
				GCC_WARN_UNUSED_FUNCTION = YES;
				GCC_WARN_UNUSED_VARIABLE = YES;
				IPHONEOS_DEPLOYMENT_TARGET = 13.4;
				MTL_ENABLE_DEBUG_INFO = NO;
				MTL_FAST_MATH = YES;
				SDKROOT = iphoneos;
				SWIFT_COMPILATION_MODE = wholemodule;
				SWIFT_OPTIMIZATION_LEVEL = "-O";
				VALIDATE_PRODUCT = YES;
			};
			name = Release;
		};
		BA8A7E5D2464576000A53608 /* Debug */ = {
			isa = XCBuildConfiguration;
			buildSettings = {
				ASSETCATALOG_COMPILER_APPICON_NAME = AppIcon;
				CODE_SIGN_STYLE = Automatic;
				DEVELOPMENT_TEAM = 395J6R9W9W;
				INFOPLIST_FILE = "Trivia Game/Info.plist";
				LD_RUNPATH_SEARCH_PATHS = (
					"$(inherited)",
					"@executable_path/Frameworks",
				);
				PRODUCT_BUNDLE_IDENTIFIER = "me.Trivia-Game";
				PRODUCT_NAME = "$(TARGET_NAME)";
				SWIFT_VERSION = 5.0;
				TARGETED_DEVICE_FAMILY = "1,2";
			};
			name = Debug;
		};
		BA8A7E5E2464576000A53608 /* Release */ = {
			isa = XCBuildConfiguration;
			buildSettings = {
				ASSETCATALOG_COMPILER_APPICON_NAME = AppIcon;
				CODE_SIGN_STYLE = Automatic;
				DEVELOPMENT_TEAM = 395J6R9W9W;
				INFOPLIST_FILE = "Trivia Game/Info.plist";
				LD_RUNPATH_SEARCH_PATHS = (
					"$(inherited)",
					"@executable_path/Frameworks",
				);
				PRODUCT_BUNDLE_IDENTIFIER = "me.Trivia-Game";
				PRODUCT_NAME = "$(TARGET_NAME)";
				SWIFT_VERSION = 5.0;
				TARGETED_DEVICE_FAMILY = "1,2";
			};
			name = Release;
		};
		BA8A7E602464576000A53608 /* Debug */ = {
			isa = XCBuildConfiguration;
			buildSettings = {
				ALWAYS_EMBED_SWIFT_STANDARD_LIBRARIES = YES;
				BUNDLE_LOADER = "$(TEST_HOST)";
				"CODE_SIGN_IDENTITY[sdk=macosx*]" = "-";
				CODE_SIGN_STYLE = Automatic;
				DEVELOPMENT_TEAM = 395J6R9W9W;
				INFOPLIST_FILE = "Trivia GameTests/Info.plist";
				IPHONEOS_DEPLOYMENT_TARGET = 13.4;
				LD_RUNPATH_SEARCH_PATHS = (
					"$(inherited)",
					"@executable_path/Frameworks",
					"@loader_path/Frameworks",
				);
				PRODUCT_BUNDLE_IDENTIFIER = "NUS.Trivia-GameTests";
				PRODUCT_NAME = "$(TARGET_NAME)";
				SWIFT_VERSION = 5.0;
				TARGETED_DEVICE_FAMILY = "1,2";
				TEST_HOST = "$(BUILT_PRODUCTS_DIR)/Trivia Game.app/Trivia Game";
			};
			name = Debug;
		};
		BA8A7E612464576000A53608 /* Release */ = {
			isa = XCBuildConfiguration;
			buildSettings = {
				ALWAYS_EMBED_SWIFT_STANDARD_LIBRARIES = YES;
				BUNDLE_LOADER = "$(TEST_HOST)";
				"CODE_SIGN_IDENTITY[sdk=macosx*]" = "-";
				CODE_SIGN_STYLE = Automatic;
				DEVELOPMENT_TEAM = 395J6R9W9W;
				INFOPLIST_FILE = "Trivia GameTests/Info.plist";
				IPHONEOS_DEPLOYMENT_TARGET = 13.4;
				LD_RUNPATH_SEARCH_PATHS = (
					"$(inherited)",
					"@executable_path/Frameworks",
					"@loader_path/Frameworks",
				);
				PRODUCT_BUNDLE_IDENTIFIER = "NUS.Trivia-GameTests";
				PRODUCT_NAME = "$(TARGET_NAME)";
				SWIFT_VERSION = 5.0;
				TARGETED_DEVICE_FAMILY = "1,2";
				TEST_HOST = "$(BUILT_PRODUCTS_DIR)/Trivia Game.app/Trivia Game";
			};
			name = Release;
		};
		BA8A7E632464576000A53608 /* Debug */ = {
			isa = XCBuildConfiguration;
			buildSettings = {
				ALWAYS_EMBED_SWIFT_STANDARD_LIBRARIES = YES;
				"CODE_SIGN_IDENTITY[sdk=macosx*]" = "-";
				CODE_SIGN_STYLE = Automatic;
				DEVELOPMENT_TEAM = 395J6R9W9W;
				INFOPLIST_FILE = "Trivia GameUITests/Info.plist";
				LD_RUNPATH_SEARCH_PATHS = (
					"$(inherited)",
					"@executable_path/Frameworks",
					"@loader_path/Frameworks",
				);
				PRODUCT_BUNDLE_IDENTIFIER = "NUS.Trivia-GameUITests";
				PRODUCT_NAME = "$(TARGET_NAME)";
				SWIFT_VERSION = 5.0;
				TARGETED_DEVICE_FAMILY = "1,2";
				TEST_TARGET_NAME = "Trivia Game";
			};
			name = Debug;
		};
		BA8A7E642464576000A53608 /* Release */ = {
			isa = XCBuildConfiguration;
			buildSettings = {
				ALWAYS_EMBED_SWIFT_STANDARD_LIBRARIES = YES;
				"CODE_SIGN_IDENTITY[sdk=macosx*]" = "-";
				CODE_SIGN_STYLE = Automatic;
				DEVELOPMENT_TEAM = 395J6R9W9W;
				INFOPLIST_FILE = "Trivia GameUITests/Info.plist";
				LD_RUNPATH_SEARCH_PATHS = (
					"$(inherited)",
					"@executable_path/Frameworks",
					"@loader_path/Frameworks",
				);
				PRODUCT_BUNDLE_IDENTIFIER = "NUS.Trivia-GameUITests";
				PRODUCT_NAME = "$(TARGET_NAME)";
				SWIFT_VERSION = 5.0;
				TARGETED_DEVICE_FAMILY = "1,2";
				TEST_TARGET_NAME = "Trivia Game";
			};
			name = Release;
		};
/* End XCBuildConfiguration section */

/* Begin XCConfigurationList section */
		BA8A7E2D2464575E00A53608 /* Build configuration list for PBXProject "Trivia Game" */ = {
			isa = XCConfigurationList;
			buildConfigurations = (
				BA8A7E5A2464576000A53608 /* Debug */,
				BA8A7E5B2464576000A53608 /* Release */,
			);
			defaultConfigurationIsVisible = 0;
			defaultConfigurationName = Release;
		};
		BA8A7E5C2464576000A53608 /* Build configuration list for PBXNativeTarget "Trivia Game" */ = {
			isa = XCConfigurationList;
			buildConfigurations = (
				BA8A7E5D2464576000A53608 /* Debug */,
				BA8A7E5E2464576000A53608 /* Release */,
			);
			defaultConfigurationIsVisible = 0;
			defaultConfigurationName = Release;
		};
		BA8A7E5F2464576000A53608 /* Build configuration list for PBXNativeTarget "Trivia GameTests" */ = {
			isa = XCConfigurationList;
			buildConfigurations = (
				BA8A7E602464576000A53608 /* Debug */,
				BA8A7E612464576000A53608 /* Release */,
			);
			defaultConfigurationIsVisible = 0;
			defaultConfigurationName = Release;
		};
		BA8A7E622464576000A53608 /* Build configuration list for PBXNativeTarget "Trivia GameUITests" */ = {
			isa = XCConfigurationList;
			buildConfigurations = (
				BA8A7E632464576000A53608 /* Debug */,
				BA8A7E642464576000A53608 /* Release */,
			);
			defaultConfigurationIsVisible = 0;
			defaultConfigurationName = Release;
		};
/* End XCConfigurationList section */
	};
	rootObject = BA8A7E2A2464575E00A53608 /* Project object */;
}
